
Microsoft Visual Studio Solution File, Format Version 12.00
# Visual Studio Version 16
VisualStudioVersion = 16.0.30717.126
MinimumVisualStudioVersion = 10.0.40219.1
Project("{8BC9CEB8-8B4A-11D0-8D11-00A0C91BC942}") = "ej_47C_VA_torres_de_colores", "ej_47C_VA_torres_de_colores.vcxproj", "{241487ED-3C6E-4B0F-B817-8AC9C91193AA}"
EndProject
Global
	GlobalSection(SolutionConfigurationPlatforms) = preSolution
		Debug|x64 = Debug|x64
		Debug|x86 = Debug|x86
		Release|x64 = Release|x64
		Release|x86 = Release|x86
	EndGlobalSection
	GlobalSection(ProjectConfigurationPlatforms) = postSolution
		{241487ED-3C6E-4B0F-B817-8AC9C91193AA}.Debug|x64.ActiveCfg = Debug|x64
		{241487ED-3C6E-4B0F-B817-8AC9C91193AA}.Debug|x64.Build.0 = Debug|x64
		{241487ED-3C6E-4B0F-B817-8AC9C91193AA}.Debug|x86.ActiveCfg = Debug|Win32
		{241487ED-3C6E-4B0F-B817-8AC9C91193AA}.Debug|x86.Build.0 = Debug|Win32
		{241487ED-3C6E-4B0F-B817-8AC9C91193AA}.Release|x64.ActiveCfg = Release|x64
		{241487ED-3C6E-4B0F-B817-8AC9C91193AA}.Release|x64.Build.0 = Release|x64
		{241487ED-3C6E-4B0F-B817-8AC9C91193AA}.Release|x86.ActiveCfg = Release|Win32
		{241487ED-3C6E-4B0F-B817-8AC9C91193AA}.Release|x86.Build.0 = Release|Win32
	EndGlobalSection
	GlobalSection(SolutionProperties) = preSolution
		HideSolutionNode = FALSE
	EndGlobalSection
	GlobalSection(ExtensibilityGlobals) = postSolution
		SolutionGuid = {7680EEDC-A30B-447C-A990-49CAB8BB2885}
	EndGlobalSection
EndGlobal
