
Microsoft Visual Studio Solution File, Format Version 12.00
# Visual Studio Version 16
VisualStudioVersion = 16.0.30717.126
MinimumVisualStudioVersion = 10.0.40219.1
Project("{8BC9CEB8-8B4A-11D0-8D11-00A0C91BC942}") = "ej_54A_adornos_navidad", "ej_54A_adornos_navidad.vcxproj", "{AF307D92-DDDC-41FE-9B29-10AB77A1A979}"
EndProject
Global
	GlobalSection(SolutionConfigurationPlatforms) = preSolution
		Debug|x64 = Debug|x64
		Debug|x86 = Debug|x86
		Release|x64 = Release|x64
		Release|x86 = Release|x86
	EndGlobalSection
	GlobalSection(ProjectConfigurationPlatforms) = postSolution
		{AF307D92-DDDC-41FE-9B29-10AB77A1A979}.Debug|x64.ActiveCfg = Debug|x64
		{AF307D92-DDDC-41FE-9B29-10AB77A1A979}.Debug|x64.Build.0 = Debug|x64
		{AF307D92-DDDC-41FE-9B29-10AB77A1A979}.Debug|x86.ActiveCfg = Debug|Win32
		{AF307D92-DDDC-41FE-9B29-10AB77A1A979}.Debug|x86.Build.0 = Debug|Win32
		{AF307D92-DDDC-41FE-9B29-10AB77A1A979}.Release|x64.ActiveCfg = Release|x64
		{AF307D92-DDDC-41FE-9B29-10AB77A1A979}.Release|x64.Build.0 = Release|x64
		{AF307D92-DDDC-41FE-9B29-10AB77A1A979}.Release|x86.ActiveCfg = Release|Win32
		{AF307D92-DDDC-41FE-9B29-10AB77A1A979}.Release|x86.Build.0 = Release|Win32
	EndGlobalSection
	GlobalSection(SolutionProperties) = preSolution
		HideSolutionNode = FALSE
	EndGlobalSection
	GlobalSection(ExtensibilityGlobals) = postSolution
		SolutionGuid = {D3D38C96-72A7-49D3-AE3F-8E4A17115BA7}
	EndGlobalSection
EndGlobal
