
Microsoft Visual Studio Solution File, Format Version 12.00
# Visual Studio Version 16
VisualStudioVersion = 16.0.30717.126
MinimumVisualStudioVersion = 10.0.40219.1
Project("{8BC9CEB8-8B4A-11D0-8D11-00A0C91BC942}") = "ej_48_VA_necesito_un_abrigo", "ej_48_VA_necesito_un_abrigo.vcxproj", "{74661F92-23B5-4829-9874-D7D81B1D2752}"
EndProject
Global
	GlobalSection(SolutionConfigurationPlatforms) = preSolution
		Debug|x64 = Debug|x64
		Debug|x86 = Debug|x86
		Release|x64 = Release|x64
		Release|x86 = Release|x86
	EndGlobalSection
	GlobalSection(ProjectConfigurationPlatforms) = postSolution
		{74661F92-23B5-4829-9874-D7D81B1D2752}.Debug|x64.ActiveCfg = Debug|x64
		{74661F92-23B5-4829-9874-D7D81B1D2752}.Debug|x64.Build.0 = Debug|x64
		{74661F92-23B5-4829-9874-D7D81B1D2752}.Debug|x86.ActiveCfg = Debug|Win32
		{74661F92-23B5-4829-9874-D7D81B1D2752}.Debug|x86.Build.0 = Debug|Win32
		{74661F92-23B5-4829-9874-D7D81B1D2752}.Release|x64.ActiveCfg = Release|x64
		{74661F92-23B5-4829-9874-D7D81B1D2752}.Release|x64.Build.0 = Release|x64
		{74661F92-23B5-4829-9874-D7D81B1D2752}.Release|x86.ActiveCfg = Release|Win32
		{74661F92-23B5-4829-9874-D7D81B1D2752}.Release|x86.Build.0 = Release|Win32
	EndGlobalSection
	GlobalSection(SolutionProperties) = preSolution
		HideSolutionNode = FALSE
	EndGlobalSection
	GlobalSection(ExtensibilityGlobals) = postSolution
		SolutionGuid = {B1053676-D162-4C5A-91E7-7C71EC464763}
	EndGlobalSection
EndGlobal
